{
  "object": {
    "pins": [
      {
        "package": "Promises",
        "repositoryURL": "https://github.com/google/promises.git",
        "state": {
          "branch": null,
          "revision": "e0a4763f8a73c481b0f4d4acb659cf62613cb2f4",
          "version": "1.2.9"
        }
      }
    ]
  },
  "version": 1
}
